// !$*UTF8*$!
{
	archiveVersion = 1;
	classes = {
	};
	objectVersion = 56;
	objects = {

/* Begin PBXBuildFile section */
		78ABF5182AC08FB400F9CFE1 /* Record.swift in Sources */ = {isa = PBXBuildFile; fileRef = 78ABF5172AC08FB400F9CFE1 /* Record.swift */; };
		78ABF51B2AC0912700F9CFE1 /* Extension + UITableViewController.swift in Sources */ = {isa = PBXBuildFile; fileRef = 78ABF51A2AC0912700F9CFE1 /* Extension + UITableViewController.swift */; };
		78ABF51D2AC0A03B00F9CFE1 /* StorageManager.swift in Sources */ = {isa = PBXBuildFile; fileRef = 78ABF51C2AC0A03B00F9CFE1 /* StorageManager.swift */; };
		78C5767A2ABCA10B004274C4 /* AppDelegate.swift in Sources */ = {isa = PBXBuildFile; fileRef = 78C576792ABCA10B004274C4 /* AppDelegate.swift */; };
		78C5767C2ABCA10B004274C4 /* SceneDelegate.swift in Sources */ = {isa = PBXBuildFile; fileRef = 78C5767B2ABCA10B004274C4 /* SceneDelegate.swift */; };
		78C5767E2ABCA10B004274C4 /* MainViewController.swift in Sources */ = {isa = PBXBuildFile; fileRef = 78C5767D2ABCA10B004274C4 /* MainViewController.swift */; };
		78C576812ABCA10B004274C4 /* Main.storyboard in Resources */ = {isa = PBXBuildFile; fileRef = 78C5767F2ABCA10B004274C4 /* Main.storyboard */; };
		78C576832ABCA10C004274C4 /* Assets.xcassets in Resources */ = {isa = PBXBuildFile; fileRef = 78C576822ABCA10C004274C4 /* Assets.xcassets */; };
		78C576862ABCA10C004274C4 /* LaunchScreen.storyboard in Resources */ = {isa = PBXBuildFile; fileRef = 78C576842ABCA10C004274C4 /* LaunchScreen.storyboard */; };
		78C576902ABCA54F004274C4 /* GameViewController.swift in Sources */ = {isa = PBXBuildFile; fileRef = 78C5768F2ABCA54F004274C4 /* GameViewController.swift */; };
		78C576922ABCA563004274C4 /* RecordListViewController.swift in Sources */ = {isa = PBXBuildFile; fileRef = 78C576912ABCA563004274C4 /* RecordListViewController.swift */; };
		78C576942ABCA570004274C4 /* SettingsViewController.swift in Sources */ = {isa = PBXBuildFile; fileRef = 78C576932ABCA570004274C4 /* SettingsViewController.swift */; };
		78C576982ABCB340004274C4 /* Extension + UIViewController.swift in Sources */ = {isa = PBXBuildFile; fileRef = 78C576972ABCB340004274C4 /* Extension + UIViewController.swift */; };
		78C5769A2ABCB3BA004274C4 /* Extension + UIView.swift in Sources */ = {isa = PBXBuildFile; fileRef = 78C576992ABCB3BA004274C4 /* Extension + UIView.swift */; };
		78FBBEA12ACEC4490004D80D /* GameManager.swift in Sources */ = {isa = PBXBuildFile; fileRef = 78FBBEA02ACEC4490004D80D /* GameManager.swift */; };
/* End PBXBuildFile section */

/* Begin PBXFileReference section */
		78ABF5172AC08FB400F9CFE1 /* Record.swift */ = {isa = PBXFileReference; lastKnownFileType = sourcecode.swift; path = Record.swift; sourceTree = "<group>"; };
		78ABF51A2AC0912700F9CFE1 /* Extension + UITableViewController.swift */ = {isa = PBXFileReference; lastKnownFileType = sourcecode.swift; path = "Extension + UITableViewController.swift"; sourceTree = "<group>"; };
		78ABF51C2AC0A03B00F9CFE1 /* StorageManager.swift */ = {isa = PBXFileReference; lastKnownFileType = sourcecode.swift; path = StorageManager.swift; sourceTree = "<group>"; };
		78C576762ABCA10A004274C4 /* 2D Game.app */ = {isa = PBXFileReference; explicitFileType = wrapper.application; includeInIndex = 0; path = "2D Game.app"; sourceTree = BUILT_PRODUCTS_DIR; };
		78C576792ABCA10B004274C4 /* AppDelegate.swift */ = {isa = PBXFileReference; lastKnownFileType = sourcecode.swift; path = AppDelegate.swift; sourceTree = "<group>"; };
		78C5767B2ABCA10B004274C4 /* SceneDelegate.swift */ = {isa = PBXFileReference; lastKnownFileType = sourcecode.swift; path = SceneDelegate.swift; sourceTree = "<group>"; };
		78C5767D2ABCA10B004274C4 /* MainViewController.swift */ = {isa = PBXFileReference; lastKnownFileType = sourcecode.swift; path = MainViewController.swift; sourceTree = "<group>"; };
		78C576802ABCA10B004274C4 /* Base */ = {isa = PBXFileReference; lastKnownFileType = file.storyboard; name = Base; path = Base.lproj/Main.storyboard; sourceTree = "<group>"; };
		78C576822ABCA10C004274C4 /* Assets.xcassets */ = {isa = PBXFileReference; lastKnownFileType = folder.assetcatalog; path = Assets.xcassets; sourceTree = "<group>"; };
		78C576852ABCA10C004274C4 /* Base */ = {isa = PBXFileReference; lastKnownFileType = file.storyboard; name = Base; path = Base.lproj/LaunchScreen.storyboard; sourceTree = "<group>"; };
		78C576872ABCA10C004274C4 /* Info.plist */ = {isa = PBXFileReference; lastKnownFileType = text.plist.xml; path = Info.plist; sourceTree = "<group>"; };
		78C5768F2ABCA54F004274C4 /* GameViewController.swift */ = {isa = PBXFileReference; lastKnownFileType = sourcecode.swift; path = GameViewController.swift; sourceTree = "<group>"; };
		78C576912ABCA563004274C4 /* RecordListViewController.swift */ = {isa = PBXFileReference; lastKnownFileType = sourcecode.swift; path = RecordListViewController.swift; sourceTree = "<group>"; };
		78C576932ABCA570004274C4 /* SettingsViewController.swift */ = {isa = PBXFileReference; lastKnownFileType = sourcecode.swift; path = SettingsViewController.swift; sourceTree = "<group>"; };
		78C576972ABCB340004274C4 /* Extension + UIViewController.swift */ = {isa = PBXFileReference; lastKnownFileType = sourcecode.swift; path = "Extension + UIViewController.swift"; sourceTree = "<group>"; };
		78C576992ABCB3BA004274C4 /* Extension + UIView.swift */ = {isa = PBXFileReference; lastKnownFileType = sourcecode.swift; path = "Extension + UIView.swift"; sourceTree = "<group>"; };
		78FBBEA02ACEC4490004D80D /* GameManager.swift */ = {isa = PBXFileReference; lastKnownFileType = sourcecode.swift; path = GameManager.swift; sourceTree = "<group>"; };
/* End PBXFileReference section */

/* Begin PBXFrameworksBuildPhase section */
		78C576732ABCA10A004274C4 /* Frameworks */ = {
			isa = PBXFrameworksBuildPhase;
			buildActionMask = 2147483647;
			files = (
			);
			runOnlyForDeploymentPostprocessing = 0;
		};
/* End PBXFrameworksBuildPhase section */

/* Begin PBXGroup section */
		78ABF5192AC08FBE00F9CFE1 /* Models */ = {
			isa = PBXGroup;
			children = (
				78ABF5172AC08FB400F9CFE1 /* Record.swift */,
			);
			path = Models;
			sourceTree = "<group>";
		};
		78ABF51E2AC0A21B00F9CFE1 /* Services */ = {
			isa = PBXGroup;
			children = (
				78ABF51C2AC0A03B00F9CFE1 /* StorageManager.swift */,
				78FBBEA02ACEC4490004D80D /* GameManager.swift */,
			);
			path = Services;
			sourceTree = "<group>";
		};
		78ABF51F2AC0A50A00F9CFE1 /* Resources */ = {
			isa = PBXGroup;
			children = (
				78C576822ABCA10C004274C4 /* Assets.xcassets */,
			);
			path = Resources;
			sourceTree = "<group>";
		};
		78C5766D2ABCA10A004274C4 = {
			isa = PBXGroup;
			children = (
				78C576782ABCA10A004274C4 /* 2D Game */,
				78C576772ABCA10A004274C4 /* Products */,
			);
			sourceTree = "<group>";
		};
		78C576772ABCA10A004274C4 /* Products */ = {
			isa = PBXGroup;
			children = (
				78C576762ABCA10A004274C4 /* 2D Game.app */,
			);
			name = Products;
			sourceTree = "<group>";
		};
		78C576782ABCA10A004274C4 /* 2D Game */ = {
			isa = PBXGroup;
			children = (
				78C5768D2ABCA502004274C4 /* Application */,
				78C5768E2ABCA513004274C4 /* ViewControllers */,
				78ABF51E2AC0A21B00F9CFE1 /* Services */,
				78C5769B2ABCB404004274C4 /* Extensions */,
				78ABF5192AC08FBE00F9CFE1 /* Models */,
				78C5769C2ABCB485004274C4 /* Storyboards */,
				78ABF51F2AC0A50A00F9CFE1 /* Resources */,
			);
			path = "2D Game";
			sourceTree = "<group>";
		};
		78C5768D2ABCA502004274C4 /* Application */ = {
			isa = PBXGroup;
			children = (
				78C576792ABCA10B004274C4 /* AppDelegate.swift */,
				78C5767B2ABCA10B004274C4 /* SceneDelegate.swift */,
				78C576872ABCA10C004274C4 /* Info.plist */,
			);
			path = Application;
			sourceTree = "<group>";
		};
		78C5768E2ABCA513004274C4 /* ViewControllers */ = {
			isa = PBXGroup;
			children = (
				78C5767D2ABCA10B004274C4 /* MainViewController.swift */,
				78C5768F2ABCA54F004274C4 /* GameViewController.swift */,
				78C576912ABCA563004274C4 /* RecordListViewController.swift */,
				78C576932ABCA570004274C4 /* SettingsViewController.swift */,
			);
			path = ViewControllers;
			sourceTree = "<group>";
		};
		78C5769B2ABCB404004274C4 /* Extensions */ = {
			isa = PBXGroup;
			children = (
				78C576972ABCB340004274C4 /* Extension + UIViewController.swift */,
				78ABF51A2AC0912700F9CFE1 /* Extension + UITableViewController.swift */,
				78C576992ABCB3BA004274C4 /* Extension + UIView.swift */,
			);
			path = Extensions;
			sourceTree = "<group>";
		};
		78C5769C2ABCB485004274C4 /* Storyboards */ = {
			isa = PBXGroup;
			children = (
				78C5767F2ABCA10B004274C4 /* Main.storyboard */,
				78C576842ABCA10C004274C4 /* LaunchScreen.storyboard */,
			);
			path = Storyboards;
			sourceTree = "<group>";
		};
/* End PBXGroup section */

/* Begin PBXNativeTarget section */
		78C576752ABCA10A004274C4 /* 2D Game */ = {
			isa = PBXNativeTarget;
			buildConfigurationList = 78C5768A2ABCA10C004274C4 /* Build configuration list for PBXNativeTarget "2D Game" */;
			buildPhases = (
				78C576722ABCA10A004274C4 /* Sources */,
				78C576732ABCA10A004274C4 /* Frameworks */,
				78C576742ABCA10A004274C4 /* Resources */,
			);
			buildRules = (
			);
			dependencies = (
			);
			name = "2D Game";
			productName = "2D Game";
			productReference = 78C576762ABCA10A004274C4 /* 2D Game.app */;
			productType = "com.apple.product-type.application";
		};
/* End PBXNativeTarget section */

/* Begin PBXProject section */
		78C5766E2ABCA10A004274C4 /* Project object */ = {
			isa = PBXProject;
			attributes = {
				BuildIndependentTargetsInParallel = 1;
				LastSwiftUpdateCheck = 1420;
				LastUpgradeCheck = 1420;
				TargetAttributes = {
					78C576752ABCA10A004274C4 = {
						CreatedOnToolsVersion = 14.2;
					};
				};
			};
			buildConfigurationList = 78C576712ABCA10A004274C4 /* Build configuration list for PBXProject "2D Game" */;
			compatibilityVersion = "Xcode 14.0";
			developmentRegion = en;
			hasScannedForEncodings = 0;
			knownRegions = (
				en,
				Base,
			);
			mainGroup = 78C5766D2ABCA10A004274C4;
			productRefGroup = 78C576772ABCA10A004274C4 /* Products */;
			projectDirPath = "";
			projectRoot = "";
			targets = (
				78C576752ABCA10A004274C4 /* 2D Game */,
			);
		};
/* End PBXProject section */

/* Begin PBXResourcesBuildPhase section */
		78C576742ABCA10A004274C4 /* Resources */ = {
			isa = PBXResourcesBuildPhase;
			buildActionMask = 2147483647;
			files = (
				78C576862ABCA10C004274C4 /* LaunchScreen.storyboard in Resources */,
				78C576832ABCA10C004274C4 /* Assets.xcassets in Resources */,
				78C576812ABCA10B004274C4 /* Main.storyboard in Resources */,
			);
			runOnlyForDeploymentPostprocessing = 0;
		};
/* End PBXResourcesBuildPhase section */

/* Begin PBXSourcesBuildPhase section */
		78C576722ABCA10A004274C4 /* Sources */ = {
			isa = PBXSourcesBuildPhase;
			buildActionMask = 2147483647;
			files = (
				78C576902ABCA54F004274C4 /* GameViewController.swift in Sources */,
				78FBBEA12ACEC4490004D80D /* GameManager.swift in Sources */,
				78ABF51B2AC0912700F9CFE1 /* Extension + UITableViewController.swift in Sources */,
				78ABF51D2AC0A03B00F9CFE1 /* StorageManager.swift in Sources */,
				78C5767E2ABCA10B004274C4 /* MainViewController.swift in Sources */,
				78ABF5182AC08FB400F9CFE1 /* Record.swift in Sources */,
				78C576982ABCB340004274C4 /* Extension + UIViewController.swift in Sources */,
				78C5767A2ABCA10B004274C4 /* AppDelegate.swift in Sources */,
				78C576922ABCA563004274C4 /* RecordListViewController.swift in Sources */,
				78C5769A2ABCB3BA004274C4 /* Extension + UIView.swift in Sources */,
				78C5767C2ABCA10B004274C4 /* SceneDelegate.swift in Sources */,
				78C576942ABCA570004274C4 /* SettingsViewController.swift in Sources */,
			);
			runOnlyForDeploymentPostprocessing = 0;
		};
/* End PBXSourcesBuildPhase section */

/* Begin PBXVariantGroup section */
		78C5767F2ABCA10B004274C4 /* Main.storyboard */ = {
			isa = PBXVariantGroup;
			children = (
				78C576802ABCA10B004274C4 /* Base */,
			);
			name = Main.storyboard;
			sourceTree = "<group>";
		};
		78C576842ABCA10C004274C4 /* LaunchScreen.storyboard */ = {
			isa = PBXVariantGroup;
			children = (
				78C576852ABCA10C004274C4 /* Base */,
			);
			name = LaunchScreen.storyboard;
			sourceTree = "<group>";
		};
/* End PBXVariantGroup section */

/* Begin XCBuildConfiguration section */
		78C576882ABCA10C004274C4 /* Debug */ = {
			isa = XCBuildConfiguration;
			buildSettings = {
				ALWAYS_SEARCH_USER_PATHS = NO;
				CLANG_ANALYZER_NONNULL = YES;
				CLANG_ANALYZER_NUMBER_OBJECT_CONVERSION = YES_AGGRESSIVE;
				CLANG_CXX_LANGUAGE_STANDARD = "gnu++20";
				CLANG_ENABLE_MODULES = YES;
				CLANG_ENABLE_OBJC_ARC = YES;
				CLANG_ENABLE_OBJC_WEAK = YES;
				CLANG_WARN_BLOCK_CAPTURE_AUTORELEASING = YES;
				CLANG_WARN_BOOL_CONVERSION = YES;
				CLANG_WARN_COMMA = YES;
				CLANG_WARN_CONSTANT_CONVERSION = YES;
				CLANG_WARN_DEPRECATED_OBJC_IMPLEMENTATIONS = YES;
				CLANG_WARN_DIRECT_OBJC_ISA_USAGE = YES_ERROR;
				CLANG_WARN_DOCUMENTATION_COMMENTS = YES;
				CLANG_WARN_EMPTY_BODY = YES;
				CLANG_WARN_ENUM_CONVERSION = YES;
				CLANG_WARN_INFINITE_RECURSION = YES;
				CLANG_WARN_INT_CONVERSION = YES;
				CLANG_WARN_NON_LITERAL_NULL_CONVERSION = YES;
				CLANG_WARN_OBJC_IMPLICIT_RETAIN_SELF = YES;
				CLANG_WARN_OBJC_LITERAL_CONVERSION = YES;
				CLANG_WARN_OBJC_ROOT_CLASS = YES_ERROR;
				CLANG_WARN_QUOTED_INCLUDE_IN_FRAMEWORK_HEADER = YES;
				CLANG_WARN_RANGE_LOOP_ANALYSIS = YES;
				CLANG_WARN_STRICT_PROTOTYPES = YES;
				CLANG_WARN_SUSPICIOUS_MOVE = YES;
				CLANG_WARN_UNGUARDED_AVAILABILITY = YES_AGGRESSIVE;
				CLANG_WARN_UNREACHABLE_CODE = YES;
				CLANG_WARN__DUPLICATE_METHOD_MATCH = YES;
				COPY_PHASE_STRIP = NO;
				DEBUG_INFORMATION_FORMAT = dwarf;
				ENABLE_STRICT_OBJC_MSGSEND = YES;
				ENABLE_TESTABILITY = YES;
				GCC_C_LANGUAGE_STANDARD = gnu11;
				GCC_DYNAMIC_NO_PIC = NO;
				GCC_NO_COMMON_BLOCKS = YES;
				GCC_OPTIMIZATION_LEVEL = 0;
				GCC_PREPROCESSOR_DEFINITIONS = (
					"DEBUG=1",
					"$(inherited)",
				);
				GCC_WARN_64_TO_32_BIT_CONVERSION = YES;
				GCC_WARN_ABOUT_RETURN_TYPE = YES_ERROR;
				GCC_WARN_UNDECLARED_SELECTOR = YES;
				GCC_WARN_UNINITIALIZED_AUTOS = YES_AGGRESSIVE;
				GCC_WARN_UNUSED_FUNCTION = YES;
				GCC_WARN_UNUSED_VARIABLE = YES;
				IPHONEOS_DEPLOYMENT_TARGET = 16.2;
				MTL_ENABLE_DEBUG_INFO = INCLUDE_SOURCE;
				MTL_FAST_MATH = YES;
				ONLY_ACTIVE_ARCH = YES;
				SDKROOT = iphoneos;
				SWIFT_ACTIVE_COMPILATION_CONDITIONS = DEBUG;
				SWIFT_OPTIMIZATION_LEVEL = "-Onone";
			};
			name = Debug;
		};
		78C576892ABCA10C004274C4 /* Release */ = {
			isa = XCBuildConfiguration;
			buildSettings = {
				ALWAYS_SEARCH_USER_PATHS = NO;
				CLANG_ANALYZER_NONNULL = YES;
				CLANG_ANALYZER_NUMBER_OBJECT_CONVERSION = YES_AGGRESSIVE;
				CLANG_CXX_LANGUAGE_STANDARD = "gnu++20";
				CLANG_ENABLE_MODULES = YES;
				CLANG_ENABLE_OBJC_ARC = YES;
				CLANG_ENABLE_OBJC_WEAK = YES;
				CLANG_WARN_BLOCK_CAPTURE_AUTORELEASING = YES;
				CLANG_WARN_BOOL_CONVERSION = YES;
				CLANG_WARN_COMMA = YES;
				CLANG_WARN_CONSTANT_CONVERSION = YES;
				CLANG_WARN_DEPRECATED_OBJC_IMPLEMENTATIONS = YES;
				CLANG_WARN_DIRECT_OBJC_ISA_USAGE = YES_ERROR;
				CLANG_WARN_DOCUMENTATION_COMMENTS = YES;
				CLANG_WARN_EMPTY_BODY = YES;
				CLANG_WARN_ENUM_CONVERSION = YES;
				CLANG_WARN_INFINITE_RECURSION = YES;
				CLANG_WARN_INT_CONVERSION = YES;
				CLANG_WARN_NON_LITERAL_NULL_CONVERSION = YES;
				CLANG_WARN_OBJC_IMPLICIT_RETAIN_SELF = YES;
				CLANG_WARN_OBJC_LITERAL_CONVERSION = YES;
				CLANG_WARN_OBJC_ROOT_CLASS = YES_ERROR;
				CLANG_WARN_QUOTED_INCLUDE_IN_FRAMEWORK_HEADER = YES;
				CLANG_WARN_RANGE_LOOP_ANALYSIS = YES;
				CLANG_WARN_STRICT_PROTOTYPES = YES;
				CLANG_WARN_SUSPICIOUS_MOVE = YES;
				CLANG_WARN_UNGUARDED_AVAILABILITY = YES_AGGRESSIVE;
				CLANG_WARN_UNREACHABLE_CODE = YES;
				CLANG_WARN__DUPLICATE_METHOD_MATCH = YES;
				COPY_PHASE_STRIP = NO;
				DEBUG_INFORMATION_FORMAT = "dwarf-with-dsym";
				ENABLE_NS_ASSERTIONS = NO;
				ENABLE_STRICT_OBJC_MSGSEND = YES;
				GCC_C_LANGUAGE_STANDARD = gnu11;
				GCC_NO_COMMON_BLOCKS = YES;
				GCC_WARN_64_TO_32_BIT_CONVERSION = YES;
				GCC_WARN_ABOUT_RETURN_TYPE = YES_ERROR;
				GCC_WARN_UNDECLARED_SELECTOR = YES;
				GCC_WARN_UNINITIALIZED_AUTOS = YES_AGGRESSIVE;
				GCC_WARN_UNUSED_FUNCTION = YES;
				GCC_WARN_UNUSED_VARIABLE = YES;
				IPHONEOS_DEPLOYMENT_TARGET = 16.2;
				MTL_ENABLE_DEBUG_INFO = NO;
				MTL_FAST_MATH = YES;
				SDKROOT = iphoneos;
				SWIFT_COMPILATION_MODE = wholemodule;
				SWIFT_OPTIMIZATION_LEVEL = "-O";
				VALIDATE_PRODUCT = YES;
			};
			name = Release;
		};
		78C5768B2ABCA10C004274C4 /* Debug */ = {
			isa = XCBuildConfiguration;
			buildSettings = {
				ASSETCATALOG_COMPILER_APPICON_NAME = AppIcon;
				ASSETCATALOG_COMPILER_GLOBAL_ACCENT_COLOR_NAME = AccentColor;
				CODE_SIGN_STYLE = Automatic;
				CURRENT_PROJECT_VERSION = 1;
				DEVELOPMENT_TEAM = 25H4N2RW85;
				GENERATE_INFOPLIST_FILE = YES;
				INFOPLIST_FILE = "2D Game/Application/Info.plist";
				INFOPLIST_KEY_UIApplicationSupportsIndirectInputEvents = YES;
				INFOPLIST_KEY_UILaunchStoryboardName = LaunchScreen;
				INFOPLIST_KEY_UIMainStoryboardFile = Main;
				INFOPLIST_KEY_UISupportedInterfaceOrientations = UIInterfaceOrientationPortrait;
				INFOPLIST_KEY_UISupportedInterfaceOrientations_iPad = "UIInterfaceOrientationLandscapeLeft UIInterfaceOrientationLandscapeRight UIInterfaceOrientationPortrait UIInterfaceOrientationPortraitUpsideDown";
				LD_RUNPATH_SEARCH_PATHS = (
					"$(inherited)",
					"@executable_path/Frameworks",
				);
				MARKETING_VERSION = 1.0;
				PRODUCT_BUNDLE_IDENTIFIER = "rukahand.-D-Game";
				PRODUCT_NAME = "$(TARGET_NAME)";
				SUPPORTED_PLATFORMS = "iphoneos iphonesimulator";
				SUPPORTS_MACCATALYST = NO;
				SUPPORTS_MAC_DESIGNED_FOR_IPHONE_IPAD = NO;
				SWIFT_EMIT_LOC_STRINGS = YES;
				SWIFT_VERSION = 5.0;
				TARGETED_DEVICE_FAMILY = 1;
			};
			name = Debug;
		};
		78C5768C2ABCA10C004274C4 /* Release */ = {
			isa = XCBuildConfiguration;
			buildSettings = {
				ASSETCATALOG_COMPILER_APPICON_NAME = AppIcon;
				ASSETCATALOG_COMPILER_GLOBAL_ACCENT_COLOR_NAME = AccentColor;
				CODE_SIGN_STYLE = Automatic;
				CURRENT_PROJECT_VERSION = 1;
				DEVELOPMENT_TEAM = 25H4N2RW85;
				GENERATE_INFOPLIST_FILE = YES;
				INFOPLIST_FILE = "2D Game/Application/Info.plist";
				INFOPLIST_KEY_UIApplicationSupportsIndirectInputEvents = YES;
				INFOPLIST_KEY_UILaunchStoryboardName = LaunchScreen;
				INFOPLIST_KEY_UIMainStoryboardFile = Main;
				INFOPLIST_KEY_UISupportedInterfaceOrientations = UIInterfaceOrientationPortrait;
				INFOPLIST_KEY_UISupportedInterfaceOrientations_iPad = "UIInterfaceOrientationLandscapeLeft UIInterfaceOrientationLandscapeRight UIInterfaceOrientationPortrait UIInterfaceOrientationPortraitUpsideDown";
				LD_RUNPATH_SEARCH_PATHS = (
					"$(inherited)",
					"@executable_path/Frameworks",
				);
				MARKETING_VERSION = 1.0;
				PRODUCT_BUNDLE_IDENTIFIER = "rukahand.-D-Game";
				PRODUCT_NAME = "$(TARGET_NAME)";
				SUPPORTED_PLATFORMS = "iphoneos iphonesimulator";
				SUPPORTS_MACCATALYST = NO;
				SUPPORTS_MAC_DESIGNED_FOR_IPHONE_IPAD = NO;
				SWIFT_EMIT_LOC_STRINGS = YES;
				SWIFT_VERSION = 5.0;
				TARGETED_DEVICE_FAMILY = 1;
			};
			name = Release;
		};
/* End XCBuildConfiguration section */

/* Begin XCConfigurationList section */
		78C576712ABCA10A004274C4 /* Build configuration list for PBXProject "2D Game" */ = {
			isa = XCConfigurationList;
			buildConfigurations = (
				78C576882ABCA10C004274C4 /* Debug */,
				78C576892ABCA10C004274C4 /* Release */,
			);
			defaultConfigurationIsVisible = 0;
			defaultConfigurationName = Release;
		};
		78C5768A2ABCA10C004274C4 /* Build configuration list for PBXNativeTarget "2D Game" */ = {
			isa = XCConfigurationList;
			buildConfigurations = (
				78C5768B2ABCA10C004274C4 /* Debug */,
				78C5768C2ABCA10C004274C4 /* Release */,
			);
			defaultConfigurationIsVisible = 0;
			defaultConfigurationName = Release;
		};
/* End XCConfigurationList section */
	};
	rootObject = 78C5766E2ABCA10A004274C4 /* Project object */;
}
